
Microsoft Visual Studio Solution File, Format Version 12.00
Project("{FAE04EC0-301F-11D3-BF4B-00C04F79EFBC}") = "Inno_Shop.Auth.Service", "Inno_Shop.Auth.Service\Inno_Shop.Auth.Service.csproj", "{7C9992BB-E56D-443C-AD1D-B374395A8169}"
EndProject
Project("{2150E333-8FDC-42A3-9474-1A3956D46DE8}") = "Authorize", "Authorize", "{4074BC7D-83C7-4C8B-9B86-2499292E44D0}"
EndProject
Project("{2150E333-8FDC-42A3-9474-1A3956D46DE8}") = "Main service", "Main service", "{A475B0DD-45E2-4540-937A-01539FCE7A84}"
EndProject
Project("{FAE04EC0-301F-11D3-BF4B-00C04F79EFBC}") = "Inno_Shop.Product.API", "Inno_Shop.Product.API\Inno_Shop.Product.API.csproj", "{B74D8ADF-893A-4174-9B82-2AB2CBE185AA}"
EndProject
Project("{FAE04EC0-301F-11D3-BF4B-00C04F79EFBC}") = "Inno_Shop.Product.Application", "Inno_Shop.Product.Application\Inno_Shop.Product.Application.csproj", "{1E09F84F-13AD-47C4-9A10-4E2E675880DD}"
EndProject
Project("{FAE04EC0-301F-11D3-BF4B-00C04F79EFBC}") = "Inno_Shop.Product.Domain", "Inno_Shop.Product.Domain\Inno_Shop.Product.Domain.csproj", "{036BFB67-92DD-409E-8365-80F59AE669E3}"
EndProject
Project("{FAE04EC0-301F-11D3-BF4B-00C04F79EFBC}") = "Inno_Shop.Product.Persistence", "Inno_Shop.Product.Persistence\Inno_Shop.Product.Persistence.csproj", "{3CD28456-AA29-4BA5-8016-9803A74BDD23}"
EndProject
Project("{2150E333-8FDC-42A3-9474-1A3956D46DE8}") = "Tests", "Tests", "{44952AEC-B3A8-4313-B8DA-3CFC0671EF9C}"
EndProject
Project("{FAE04EC0-301F-11D3-BF4B-00C04F79EFBC}") = "Inno_Shop_Auth.Tests", "Inno_Shop_Auth.Tests\Inno_Shop_Auth.Tests.csproj", "{A4D9ED44-33BC-4ECD-B037-24B63B97A6AD}"
EndProject
Global
	GlobalSection(SolutionConfigurationPlatforms) = preSolution
		Debug|Any CPU = Debug|Any CPU
		Release|Any CPU = Release|Any CPU
	EndGlobalSection
	GlobalSection(ProjectConfigurationPlatforms) = postSolution
		{7C9992BB-E56D-443C-AD1D-B374395A8169}.Debug|Any CPU.ActiveCfg = Debug|Any CPU
		{7C9992BB-E56D-443C-AD1D-B374395A8169}.Debug|Any CPU.Build.0 = Debug|Any CPU
		{7C9992BB-E56D-443C-AD1D-B374395A8169}.Release|Any CPU.ActiveCfg = Release|Any CPU
		{7C9992BB-E56D-443C-AD1D-B374395A8169}.Release|Any CPU.Build.0 = Release|Any CPU
		{B74D8ADF-893A-4174-9B82-2AB2CBE185AA}.Debug|Any CPU.ActiveCfg = Debug|Any CPU
		{B74D8ADF-893A-4174-9B82-2AB2CBE185AA}.Debug|Any CPU.Build.0 = Debug|Any CPU
		{B74D8ADF-893A-4174-9B82-2AB2CBE185AA}.Release|Any CPU.ActiveCfg = Release|Any CPU
		{B74D8ADF-893A-4174-9B82-2AB2CBE185AA}.Release|Any CPU.Build.0 = Release|Any CPU
		{1E09F84F-13AD-47C4-9A10-4E2E675880DD}.Debug|Any CPU.ActiveCfg = Debug|Any CPU
		{1E09F84F-13AD-47C4-9A10-4E2E675880DD}.Debug|Any CPU.Build.0 = Debug|Any CPU
		{1E09F84F-13AD-47C4-9A10-4E2E675880DD}.Release|Any CPU.ActiveCfg = Release|Any CPU
		{1E09F84F-13AD-47C4-9A10-4E2E675880DD}.Release|Any CPU.Build.0 = Release|Any CPU
		{036BFB67-92DD-409E-8365-80F59AE669E3}.Debug|Any CPU.ActiveCfg = Debug|Any CPU
		{036BFB67-92DD-409E-8365-80F59AE669E3}.Debug|Any CPU.Build.0 = Debug|Any CPU
		{036BFB67-92DD-409E-8365-80F59AE669E3}.Release|Any CPU.ActiveCfg = Release|Any CPU
		{036BFB67-92DD-409E-8365-80F59AE669E3}.Release|Any CPU.Build.0 = Release|Any CPU
		{3CD28456-AA29-4BA5-8016-9803A74BDD23}.Debug|Any CPU.ActiveCfg = Debug|Any CPU
		{3CD28456-AA29-4BA5-8016-9803A74BDD23}.Debug|Any CPU.Build.0 = Debug|Any CPU
		{3CD28456-AA29-4BA5-8016-9803A74BDD23}.Release|Any CPU.ActiveCfg = Release|Any CPU
		{3CD28456-AA29-4BA5-8016-9803A74BDD23}.Release|Any CPU.Build.0 = Release|Any CPU
		{A4D9ED44-33BC-4ECD-B037-24B63B97A6AD}.Debug|Any CPU.ActiveCfg = Debug|Any CPU
		{A4D9ED44-33BC-4ECD-B037-24B63B97A6AD}.Debug|Any CPU.Build.0 = Debug|Any CPU
		{A4D9ED44-33BC-4ECD-B037-24B63B97A6AD}.Release|Any CPU.ActiveCfg = Release|Any CPU
		{A4D9ED44-33BC-4ECD-B037-24B63B97A6AD}.Release|Any CPU.Build.0 = Release|Any CPU
	EndGlobalSection
	GlobalSection(NestedProjects) = preSolution
		{7C9992BB-E56D-443C-AD1D-B374395A8169} = {4074BC7D-83C7-4C8B-9B86-2499292E44D0}
		{B74D8ADF-893A-4174-9B82-2AB2CBE185AA} = {A475B0DD-45E2-4540-937A-01539FCE7A84}
		{1E09F84F-13AD-47C4-9A10-4E2E675880DD} = {A475B0DD-45E2-4540-937A-01539FCE7A84}
		{036BFB67-92DD-409E-8365-80F59AE669E3} = {A475B0DD-45E2-4540-937A-01539FCE7A84}
		{3CD28456-AA29-4BA5-8016-9803A74BDD23} = {A475B0DD-45E2-4540-937A-01539FCE7A84}
		{A4D9ED44-33BC-4ECD-B037-24B63B97A6AD} = {44952AEC-B3A8-4313-B8DA-3CFC0671EF9C}
	EndGlobalSection
EndGlobal
